<?xml version="1.0" encoding="UTF-8" standalone="yes" ?>
<CodeBlocks_project_file>
	<FileVersion major="1" minor="6" />
	<Project>
		<Option title="Player_easyrpg" />
		<Option pch_mode="2" />
		<Option compiler="gcc" />
		<Build>
			<Target title="Debug">
				<Option output="bin/Debug/Player_easyrpg" prefix_auto="1" extension_auto="1" />
				<Option object_output="obj/Debug/" />
				<Option type="1" />
				<Option compiler="gcc" />
				<Compiler>
					<Add option="-g" />
				</Compiler>
				<Linker>
					<Add option="`sdl-config --cflags --libs` -lSDL_image -lSDL_mixer -lSDL_ttf -lSDL_gfx" />
					<Add library="/usr/lib/libSDL.a" />
					<Add library="/usr/lib/libSDL.so" />
					<Add library="/usr/lib/libSDL_gfx.a" />
					<Add library="/usr/lib/libSDL_gfx.so" />
					<Add library="/usr/lib/libSDL_image.a" />
					<Add library="/usr/lib/libSDL_image.so" />
					<Add library="/usr/lib/libSDLmain.a" />
					<Add library="/usr/lib/libSDL_mixer.a" />
					<Add library="/usr/lib/libSDL_mixer.so" />
					<Add library="/usr/lib/libSDL_ttf.a" />
					<Add library="/usr/lib/libSDL_ttf.so" />
				</Linker>
			</Target>
			<Target title="Release">
				<Option output="bin/Release/Player_easyrpg" prefix_auto="1" extension_auto="1" />
				<Option object_output="obj/Release/" />
				<Option type="0" />
				<Option compiler="gcc" />
				<Compiler>
					<Add option="-O2" />
				</Compiler>
				<Linker>
					<Add option="-s" />
					<Add option="`sdl-config --cflags --libs` -lSDL_image -lSDL_mixer -lSDL_ttf -lSDL_gfx" />
					<Add library="/usr/lib/libSDL.a" />
					<Add library="/usr/lib/libSDL.so" />
					<Add library="/usr/lib/libSDL_gfx.a" />
					<Add library="/usr/lib/libSDL_gfx.so" />
					<Add library="/usr/lib/libSDL_image.a" />
					<Add library="/usr/lib/libSDL_image.so" />
					<Add library="/usr/lib/libSDLmain.a" />
					<Add library="/usr/lib/libSDL_mixer.a" />
					<Add library="/usr/lib/libSDL_mixer.so" />
					<Add library="/usr/lib/libSDL_ttf.a" />
					<Add library="/usr/lib/libSDL_ttf.so" />
				</Linker>
			</Target>
		</Build>
		<Compiler>
			<Add option="-Wall" />
			<Add option="`sdl-config --cflags`" />
		</Compiler>
		<Linker>
			<Add option="`sdl-config --cflags --libs` -lSDL_image -lSDL_mixer -lSDL_ttf -lSDL_gfx" />
			<Add library="/usr/lib/libSDL.a" />
			<Add library="/usr/lib/libSDL.so" />
			<Add library="/usr/lib/libSDL_gfx.a" />
			<Add library="/usr/lib/libSDL_gfx.so" />
			<Add library="/usr/lib/libSDL_image.a" />
			<Add library="/usr/lib/libSDL_image.so" />
			<Add library="/usr/lib/libSDLmain.a" />
			<Add library="/usr/lib/libSDL_mixer.a" />
			<Add library="/usr/lib/libSDL_mixer.so" />
			<Add library="/usr/lib/libSDL_ttf.a" />
			<Add library="/usr/lib/libSDL_ttf.so" />
		</Linker>
		<Unit filename="code/attributes/CActor.cpp" />
		<Unit filename="code/attributes/CActor.h" />
		<Unit filename="code/attributes/Enemy.cpp" />
		<Unit filename="code/attributes/Enemy.h" />
		<Unit filename="code/attributes/Player.cpp" />
		<Unit filename="code/attributes/Player.h" />
		<Unit filename="code/attributes/Player_Team.cpp" />
		<Unit filename="code/attributes/Player_Team.h" />
		<Unit filename="code/attributes/item.cpp" />
		<Unit filename="code/attributes/item.h" />
		<Unit filename="code/attributes/skill.cpp" />
		<Unit filename="code/attributes/skill.h" />
		<Unit filename="code/control/Batle_scene.cpp" />
		<Unit filename="code/control/Batle_scene.h" />
		<Unit filename="code/control/GameOver_scene.cpp" />
		<Unit filename="code/control/GameOver_scene.h" />
		<Unit filename="code/control/Map_scene.cpp" />
		<Unit filename="code/control/Map_scene.h" />
		<Unit filename="code/control/Title_scene.cpp" />
		<Unit filename="code/control/Title_scene.h" />
		<Unit filename="code/control/scene.cpp" />
		<Unit filename="code/control/scene.h" />
		<Unit filename="code/interface/Control/Equip_Menu_scene.cpp" />
		<Unit filename="code/interface/Control/Equip_Menu_scene.h" />
		<Unit filename="code/interface/Control/Item_use_scene.cpp" />
		<Unit filename="code/interface/Control/Item_use_scene.h" />
		<Unit filename="code/interface/Control/Main_Menu_scene.cpp" />
		<Unit filename="code/interface/Control/Main_Menu_scene.h" />
		<Unit filename="code/interface/Control/Objects_Menu_scene.cpp" />
		<Unit filename="code/interface/Control/Objects_Menu_scene.h" />
		<Unit filename="code/interface/Control/Save_Load_Menu_scene.cpp" />
		<Unit filename="code/interface/Control/Save_Load_Menu_scene.h" />
		<Unit filename="code/interface/Control/Skills_Menu_scene.cpp" />
		<Unit filename="code/interface/Control/Skills_Menu_scene.h" />
		<Unit filename="code/interface/Control/Stats_Menu_scene.cpp" />
		<Unit filename="code/interface/Control/Stats_Menu_scene.h" />
		<Unit filename="code/interface/Menu_Easy.cpp" />
		<Unit filename="code/interface/Menu_Easy.h" />
		<Unit filename="code/interface/Windows/Window_Base.cpp" />
		<Unit filename="code/interface/Windows/Window_Base.h" />
		<Unit filename="code/interface/Windows/Window_Player_Select.cpp" />
		<Unit filename="code/interface/Windows/Window_Player_Select.h" />
		<Unit filename="code/interface/Windows/Window_Select.cpp" />
		<Unit filename="code/interface/Windows/Window_Select.h" />
		<Unit filename="code/readers/eventchunks.h" />
		<Unit filename="code/readers/ldb.cpp" />
		<Unit filename="code/readers/ldb.h" />
		<Unit filename="code/readers/ldbchunks.h" />
		<Unit filename="code/readers/ldbstr.cpp" />
		<Unit filename="code/readers/ldbstr.h" />
		<Unit filename="code/readers/lmt.cpp" />
		<Unit filename="code/readers/lmt.h" />
		<Unit filename="code/readers/map.cpp" />
		<Unit filename="code/readers/map.h" />
		<Unit filename="code/readers/mapchunks.h" />
		<Unit filename="code/readers/stevent.cpp" />
		<Unit filename="code/readers/stevent.h" />
		<Unit filename="code/readers/strmap.cpp" />
		<Unit filename="code/readers/strmap.h" />
		<Unit filename="code/sprites/Animacion.cpp" />
		<Unit filename="code/sprites/Animacion.h" />
		<Unit filename="code/sprites/Batler.cpp" />
		<Unit filename="code/sprites/Chara.cpp" />
		<Unit filename="code/sprites/Chara.h" />
		<Unit filename="code/sprites/Faceset.cpp" />
		<Unit filename="code/sprites/Faceset.h" />
		<Unit filename="code/sprites/Sistem.cpp" />
		<Unit filename="code/sprites/Sistem.h" />
		<Unit filename="code/sprites/chipset.cpp" />
		<Unit filename="code/sprites/chipset.h" />
		<Unit filename="code/sprites/sprite.cpp" />
		<Unit filename="code/sprites/sprite.h" />
		<Unit filename="code/tools/CDeltaTime.cpp" />
		<Unit filename="code/tools/CDeltaTime.h" />
		<Unit filename="code/tools/Timer.cpp" />
		<Unit filename="code/tools/Timer.h" />
		<Unit filename="code/tools/audio.cpp" />
		<Unit filename="code/tools/audio.h" />
		<Unit filename="code/tools/font.cpp" />
		<Unit filename="code/tools/font.h" />
		<Unit filename="code/tools/key.cpp" />
		<Unit filename="code/tools/key.h" />
		<Unit filename="code/tools/math-sll.h" />
		<Unit filename="code/tools/tools.cpp" />
		<Unit filename="code/tools/tools.h" />
		<Unit filename="main.cpp" />
		<Extensions>
			<code_completion />
			<envvars />
			<debugger />
			<lib_finder disable_auto="1" />
		</Extensions>
	</Project>
</CodeBlocks_project_file>
