<?xml version="1.0" encoding="utf-8"?>
<Project ToolsVersion="4.0" xmlns="http://schemas.microsoft.com/developer/msbuild/2003">
  <ItemGroup>
    <Filter Include="Resource Files">
      <UniqueIdentifier>{67DA6AB6-F800-4c08-8B7A-83BB121AAD01}</UniqueIdentifier>
      <Extensions>rc;ico;cur;bmp;dlg;rc2;rct;bin;rgs;gif;jpg;jpeg;jpe;resx;tiff;tif;png;wav;mfcribbon-ms</Extensions>
    </Filter>
    <Filter Include="Source Files">
      <UniqueIdentifier>{4FC737F1-C7A5-4376-A066-2A32D752A2FF}</UniqueIdentifier>
      <Extensions>cpp;c;cc;cxx;def;odl;idl;hpj;bat;asm;asmx</Extensions>
    </Filter>
    <Filter Include="Source Files\Engine">
      <UniqueIdentifier>{150af59c-bdd7-4871-9896-fcbaa91f995b}</UniqueIdentifier>
    </Filter>
    <Filter Include="Source Files\Engine\Game">
      <UniqueIdentifier>{13a516d5-b2ec-404e-af5c-89dbade61633}</UniqueIdentifier>
    </Filter>
    <Filter Include="Source Files\Engine\Scene">
      <UniqueIdentifier>{532078e2-4b2c-4ef2-b571-5be08a4be290}</UniqueIdentifier>
    </Filter>
    <Filter Include="Source Files\Engine\Sprite">
      <UniqueIdentifier>{fd5619a4-1bcb-4207-83ca-5d6fc02cb569}</UniqueIdentifier>
    </Filter>
    <Filter Include="Source Files\Engine\Window">
      <UniqueIdentifier>{c9afd51c-09bc-486d-ad90-cccec101e659}</UniqueIdentifier>
    </Filter>
    <Filter Include="Source Files\Tools">
      <UniqueIdentifier>{5c38e5d1-df70-4c50-8e06-d9e813ecfdfa}</UniqueIdentifier>
    </Filter>
    <Filter Include="Source Files\Tools\Filefinder">
      <UniqueIdentifier>{1ac112ed-4c8f-45bf-85d2-1ebc5098935f}</UniqueIdentifier>
    </Filter>
    <Filter Include="Source Files\Settings">
      <UniqueIdentifier>{36029a79-f366-4072-aafe-fe9606e929ec}</UniqueIdentifier>
    </Filter>
    <Filter Include="Source Files\Backend">
      <UniqueIdentifier>{f9c8e0bf-3d9d-4f20-8d5f-50c487c1b05e}</UniqueIdentifier>
    </Filter>
    <Filter Include="Source Files\Backend\Audio">
      <UniqueIdentifier>{b67319e7-4226-4593-961c-5cecdc035a6d}</UniqueIdentifier>
    </Filter>
    <Filter Include="Source Files\Backend\Graphics">
      <UniqueIdentifier>{7af98abf-21e3-45e7-a449-ffcd3bf061d3}</UniqueIdentifier>
    </Filter>
    <Filter Include="Source Files\Backend\Input">
      <UniqueIdentifier>{ffe2c197-01e3-4dde-a82c-6834bd070404}</UniqueIdentifier>
    </Filter>
    <Filter Include="Source Files\Backend\UI">
      <UniqueIdentifier>{ce2d7343-39dd-458d-b5a6-ab688e16af7f}</UniqueIdentifier>
    </Filter>
    <Filter Include="Source Files\Shinonome">
      <UniqueIdentifier>{0c60afba-b3ff-41a5-ae63-beea5838ba61}</UniqueIdentifier>
    </Filter>
  </ItemGroup>
  <ItemGroup>
    <ClCompile Include="..\..\src\audio.cpp">
      <Filter>Source Files\Backend\Audio</Filter>
    </ClCompile>
    <ClCompile Include="..\..\src\audio_al.cpp">
      <Filter>Source Files\Backend\Audio</Filter>
    </ClCompile>
    <ClCompile Include="..\..\src\audio_generic.cpp">
      <Filter>Source Files\Backend\Audio</Filter>
    </ClCompile>
    <ClCompile Include="..\..\src\audio_sdl_mixer.cpp">
      <Filter>Source Files\Backend\Audio</Filter>
    </ClCompile>
    <ClCompile Include="..\..\src\audio_sdl.cpp">
      <Filter>Source Files\Backend\Audio</Filter>
    </ClCompile>
    <ClCompile Include="..\..\src\audio_secache.cpp">
      <Filter>Source Files\Backend\Audio</Filter>
    </ClCompile>
    <ClCompile Include="..\..\src\midisequencer.cpp">
      <Filter>Source Files\Backend\Audio</Filter>
    </ClCompile>
    <ClCompile Include="..\..\src\midisynth.cpp">
      <Filter>Source Files\Backend\Audio</Filter>
    </ClCompile>
    <ClCompile Include="..\..\src\background.cpp">
      <Filter>Source Files\Backend\Graphics</Filter>
    </ClCompile>
    <ClCompile Include="..\..\src\bitmap.cpp">
      <Filter>Source Files\Backend\Graphics</Filter>
    </ClCompile>
    <ClCompile Include="..\..\src\color.cpp">
      <Filter>Source Files\Backend\Graphics</Filter>
    </ClCompile>
    <ClCompile Include="..\..\src\font.cpp">
      <Filter>Source Files\Backend\Graphics</Filter>
    </ClCompile>
    <ClCompile Include="..\..\src\graphics.cpp">
      <Filter>Source Files\Backend\Graphics</Filter>
    </ClCompile>
    <ClCompile Include="..\..\src\hslrgb.cpp">
      <Filter>Source Files\Backend\Graphics</Filter>
    </ClCompile>
    <ClCompile Include="..\..\src\image_png.cpp">
      <Filter>Source Files\Backend\Graphics</Filter>
    </ClCompile>
    <ClCompile Include="..\..\src\image_xyz.cpp">
      <Filter>Source Files\Backend\Graphics</Filter>
    </ClCompile>
    <ClCompile Include="..\..\src\image_bmp.cpp">
      <Filter>Source Files\Backend\Graphics</Filter>
    </ClCompile>
    <ClCompile Include="..\..\src\sprite.cpp">
      <Filter>Source Files\Backend\Graphics</Filter>
    </ClCompile>
    <ClCompile Include="..\..\src\plane.cpp">
      <Filter>Source Files\Backend\Graphics</Filter>
    </ClCompile>
    <ClCompile Include="..\..\src\rect.cpp">
      <Filter>Source Files\Backend\Graphics</Filter>
    </ClCompile>
    <ClCompile Include="..\..\src\text.cpp">
      <Filter>Source Files\Backend\Graphics</Filter>
    </ClCompile>
    <ClCompile Include="..\..\src\tilemap.cpp">
      <Filter>Source Files\Backend\Graphics</Filter>
    </ClCompile>
    <ClCompile Include="..\..\src\tilemap_layer.cpp">
      <Filter>Source Files\Backend\Graphics</Filter>
    </ClCompile>
    <ClCompile Include="..\..\src\tone.cpp">
      <Filter>Source Files\Backend\Graphics</Filter>
    </ClCompile>
    <ClCompile Include="..\..\src\window.cpp">
      <Filter>Source Files\Backend\Graphics</Filter>
    </ClCompile>
    <ClCompile Include="..\..\src\input.cpp">
      <Filter>Source Files\Backend\Input</Filter>
    </ClCompile>
    <ClCompile Include="..\..\src\input_buttons_desktop.cpp">
      <Filter>Source Files\Backend\Input</Filter>
    </ClCompile>
    <ClCompile Include="..\..\src\input_buttons_opendingux.cpp">
      <Filter>Source Files\Backend\Input</Filter>
    </ClCompile>
    <ClCompile Include="..\..\src\input_buttons_gekko.cpp">
      <Filter>Source Files\Backend\Input</Filter>
    </ClCompile>
    <ClCompile Include="..\..\src\input_buttons_psp.cpp">
      <Filter>Source Files\Backend\Input</Filter>
    </ClCompile>
    <ClCompile Include="..\..\src\input_source.cpp">
      <Filter>Source Files\Backend\Input</Filter>
    </ClCompile>
    <ClCompile Include="..\..\src\baseui.cpp">
      <Filter>Source Files\Backend\UI</Filter>
    </ClCompile>
    <ClCompile Include="..\..\src\sdl_ui.cpp">
      <Filter>Source Files\Backend\UI</Filter>
    </ClCompile>
    <ClCompile Include="..\..\src\game_vehicle.cpp">
      <Filter>Source Files\Engine\Game</Filter>
    </ClCompile>
    <ClCompile Include="..\..\src\game_actor.cpp">
      <Filter>Source Files\Engine\Game</Filter>
    </ClCompile>
    <ClCompile Include="..\..\src\game_actors.cpp">
      <Filter>Source Files\Engine\Game</Filter>
    </ClCompile>
    <ClCompile Include="..\..\src\game_battle.cpp">
      <Filter>Source Files\Engine\Game</Filter>
    </ClCompile>
    <ClCompile Include="..\..\src\game_battler.cpp">
      <Filter>Source Files\Engine\Game</Filter>
    </ClCompile>
    <ClCompile Include="..\..\src\game_character.cpp">
      <Filter>Source Files\Engine\Game</Filter>
    </ClCompile>
    <ClCompile Include="..\..\src\game_commonevent.cpp">
      <Filter>Source Files\Engine\Game</Filter>
    </ClCompile>
    <ClCompile Include="..\..\src\game_enemy.cpp">
      <Filter>Source Files\Engine\Game</Filter>
    </ClCompile>
    <ClCompile Include="..\..\src\game_event.cpp">
      <Filter>Source Files\Engine\Game</Filter>
    </ClCompile>
    <ClCompile Include="..\..\src\game_interpreter.cpp">
      <Filter>Source Files\Engine\Game</Filter>
    </ClCompile>
    <ClCompile Include="..\..\src\game_interpreter_battle.cpp">
      <Filter>Source Files\Engine\Game</Filter>
    </ClCompile>
    <ClCompile Include="..\..\src\game_interpreter_map.cpp">
      <Filter>Source Files\Engine\Game</Filter>
    </ClCompile>
    <ClCompile Include="..\..\src\game_map.cpp">
      <Filter>Source Files\Engine\Game</Filter>
    </ClCompile>
    <ClCompile Include="..\..\src\game_message.cpp">
      <Filter>Source Files\Engine\Game</Filter>
    </ClCompile>
    <ClCompile Include="..\..\src\game_party.cpp">
      <Filter>Source Files\Engine\Game</Filter>
    </ClCompile>
    <ClCompile Include="..\..\src\game_picture.cpp">
      <Filter>Source Files\Engine\Game</Filter>
    </ClCompile>
    <ClCompile Include="..\..\src\game_player.cpp">
      <Filter>Source Files\Engine\Game</Filter>
    </ClCompile>
    <ClCompile Include="..\..\src\game_screen.cpp">
      <Filter>Source Files\Engine\Game</Filter>
    </ClCompile>
    <ClCompile Include="..\..\src\game_system.cpp">
      <Filter>Source Files\Engine\Game</Filter>
    </ClCompile>
    <ClCompile Include="..\..\src\game_targets.cpp">
      <Filter>Source Files\Engine\Game</Filter>
    </ClCompile>
    <ClCompile Include="..\..\src\game_temp.cpp">
      <Filter>Source Files\Engine\Game</Filter>
    </ClCompile>
    <ClCompile Include="..\..\src\scene_title.cpp">
      <Filter>Source Files\Engine\Scene</Filter>
    </ClCompile>
    <ClCompile Include="..\..\src\scene.cpp">
      <Filter>Source Files\Engine\Scene</Filter>
    </ClCompile>
    <ClCompile Include="..\..\src\scene_actortarget.cpp">
      <Filter>Source Files\Engine\Scene</Filter>
    </ClCompile>
    <ClCompile Include="..\..\src\scene_battle.cpp">
      <Filter>Source Files\Engine\Scene</Filter>
    </ClCompile>
    <ClCompile Include="..\..\src\scene_end.cpp">
      <Filter>Source Files\Engine\Scene</Filter>
    </ClCompile>
    <ClCompile Include="..\..\src\scene_equip.cpp">
      <Filter>Source Files\Engine\Scene</Filter>
    </ClCompile>
    <ClCompile Include="..\..\src\scene_file.cpp">
      <Filter>Source Files\Engine\Scene</Filter>
    </ClCompile>
    <ClCompile Include="..\..\src\scene_gameover.cpp">
      <Filter>Source Files\Engine\Scene</Filter>
    </ClCompile>
    <ClCompile Include="..\..\src\scene_item.cpp">
      <Filter>Source Files\Engine\Scene</Filter>
    </ClCompile>
    <ClCompile Include="..\..\src\scene_load.cpp">
      <Filter>Source Files\Engine\Scene</Filter>
    </ClCompile>
    <ClCompile Include="..\..\src\scene_logo.cpp">
      <Filter>Source Files\Engine\Scene</Filter>
    </ClCompile>
    <ClCompile Include="..\..\src\scene_map.cpp">
      <Filter>Source Files\Engine\Scene</Filter>
    </ClCompile>
    <ClCompile Include="..\..\src\scene_menu.cpp">
      <Filter>Source Files\Engine\Scene</Filter>
    </ClCompile>
    <ClCompile Include="..\..\src\scene_name.cpp">
      <Filter>Source Files\Engine\Scene</Filter>
    </ClCompile>
    <ClCompile Include="..\..\src\scene_order.cpp">
      <Filter>Source Files\Engine\Scene</Filter>
    </ClCompile>
    <ClCompile Include="..\..\src\scene_save.cpp">
      <Filter>Source Files\Engine\Scene</Filter>
    </ClCompile>
    <ClCompile Include="..\..\src\scene_shop.cpp">
      <Filter>Source Files\Engine\Scene</Filter>
    </ClCompile>
    <ClCompile Include="..\..\src\scene_skill.cpp">
      <Filter>Source Files\Engine\Scene</Filter>
    </ClCompile>
    <ClCompile Include="..\..\src\scene_status.cpp">
      <Filter>Source Files\Engine\Scene</Filter>
    </ClCompile>
    <ClCompile Include="..\..\src\scene_teleport.cpp">
      <Filter>Source Files\Engine\Scene</Filter>
    </ClCompile>
    <ClCompile Include="..\..\src\sprite_character.cpp">
      <Filter>Source Files\Engine\Sprite</Filter>
    </ClCompile>
    <ClCompile Include="..\..\src\spriteset_map.cpp">
      <Filter>Source Files\Engine\Sprite</Filter>
    </ClCompile>
    <ClCompile Include="..\..\src\window_actorinfo.cpp">
      <Filter>Source Files\Engine\Window</Filter>
    </ClCompile>
    <ClCompile Include="..\..\src\window_actorstatus.cpp">
      <Filter>Source Files\Engine\Window</Filter>
    </ClCompile>
    <ClCompile Include="..\..\src\window_actortarget.cpp">
      <Filter>Source Files\Engine\Window</Filter>
    </ClCompile>
    <ClCompile Include="..\..\src\window_base.cpp">
      <Filter>Source Files\Engine\Window</Filter>
    </ClCompile>
    <ClCompile Include="..\..\src\window_battlecommand.cpp">
      <Filter>Source Files\Engine\Window</Filter>
    </ClCompile>
    <ClCompile Include="..\..\src\window_battleoption.cpp">
      <Filter>Source Files\Engine\Window</Filter>
    </ClCompile>
    <ClCompile Include="..\..\src\window_battlestatus.cpp">
      <Filter>Source Files\Engine\Window</Filter>
    </ClCompile>
    <ClCompile Include="..\..\src\window_command.cpp">
      <Filter>Source Files\Engine\Window</Filter>
    </ClCompile>
    <ClCompile Include="..\..\src\window_equip.cpp">
      <Filter>Source Files\Engine\Window</Filter>
    </ClCompile>
    <ClCompile Include="..\..\src\window_equipitem.cpp">
      <Filter>Source Files\Engine\Window</Filter>
    </ClCompile>
    <ClCompile Include="..\..\src\window_equipstatus.cpp">
      <Filter>Source Files\Engine\Window</Filter>
    </ClCompile>
    <ClCompile Include="..\..\src\window_face.cpp">
      <Filter>Source Files\Engine\Window</Filter>
    </ClCompile>
    <ClCompile Include="..\..\src\window_gold.cpp">
      <Filter>Source Files\Engine\Window</Filter>
    </ClCompile>
    <ClCompile Include="..\..\src\window_help.cpp">
      <Filter>Source Files\Engine\Window</Filter>
    </ClCompile>
    <ClCompile Include="..\..\src\window_item.cpp">
      <Filter>Source Files\Engine\Window</Filter>
    </ClCompile>
    <ClCompile Include="..\..\src\window_keyboard.cpp">
      <Filter>Source Files\Engine\Window</Filter>
    </ClCompile>
    <ClCompile Include="..\..\src\window_menustatus.cpp">
      <Filter>Source Files\Engine\Window</Filter>
    </ClCompile>
    <ClCompile Include="..\..\src\window_message.cpp">
      <Filter>Source Files\Engine\Window</Filter>
    </ClCompile>
    <ClCompile Include="..\..\src\window_name.cpp">
      <Filter>Source Files\Engine\Window</Filter>
    </ClCompile>
    <ClCompile Include="..\..\src\window_numberinput.cpp">
      <Filter>Source Files\Engine\Window</Filter>
    </ClCompile>
    <ClCompile Include="..\..\src\window_savefile.cpp">
      <Filter>Source Files\Engine\Window</Filter>
    </ClCompile>
    <ClCompile Include="..\..\src\window_selectable.cpp">
      <Filter>Source Files\Engine\Window</Filter>
    </ClCompile>
    <ClCompile Include="..\..\src\window_shop.cpp">
      <Filter>Source Files\Engine\Window</Filter>
    </ClCompile>
    <ClCompile Include="..\..\src\window_shopbuy.cpp">
      <Filter>Source Files\Engine\Window</Filter>
    </ClCompile>
    <ClCompile Include="..\..\src\window_shopnumber.cpp">
      <Filter>Source Files\Engine\Window</Filter>
    </ClCompile>
    <ClCompile Include="..\..\src\window_shopparty.cpp">
      <Filter>Source Files\Engine\Window</Filter>
    </ClCompile>
    <ClCompile Include="..\..\src\window_shopsell.cpp">
      <Filter>Source Files\Engine\Window</Filter>
    </ClCompile>
    <ClCompile Include="..\..\src\window_shopstatus.cpp">
      <Filter>Source Files\Engine\Window</Filter>
    </ClCompile>
    <ClCompile Include="..\..\src\window_skill.cpp">
      <Filter>Source Files\Engine\Window</Filter>
    </ClCompile>
    <ClCompile Include="..\..\src\window_skillstatus.cpp">
      <Filter>Source Files\Engine\Window</Filter>
    </ClCompile>
    <ClCompile Include="..\..\src\window_targetstatus.cpp">
      <Filter>Source Files\Engine\Window</Filter>
    </ClCompile>
    <ClCompile Include="..\..\src\window_teleport.cpp">
      <Filter>Source Files\Engine\Window</Filter>
    </ClCompile>
    <ClCompile Include="..\..\src\cache.cpp">
      <Filter>Source Files\Engine</Filter>
    </ClCompile>
    <ClCompile Include="..\..\src\filefinder.cpp">
      <Filter>Source Files\Tools\Filefinder</Filter>
    </ClCompile>
    <ClCompile Include="..\..\src\util_win.cpp">
      <Filter>Source Files\Tools</Filter>
    </ClCompile>
    <ClCompile Include="..\..\src\output.cpp">
      <Filter>Source Files\Tools</Filter>
    </ClCompile>
    <ClCompile Include="..\..\src\utils.cpp">
      <Filter>Source Files\Tools</Filter>
    </ClCompile>
    <ClCompile Include="..\..\src\player.cpp">
      <Filter>Source Files\Engine</Filter>
    </ClCompile>
    <ClCompile Include="..\..\src\main_data.cpp">
      <Filter>Source Files</Filter>
    </ClCompile>
    <ClCompile Include="..\..\src\registry.cpp">
      <Filter>Source Files\Tools</Filter>
    </ClCompile>
    <ClCompile Include="..\..\src\scene_debug.cpp">
      <Filter>Source Files\Engine\Scene</Filter>
    </ClCompile>
    <ClCompile Include="..\..\src\window_varlist.cpp">
      <Filter>Source Files\Engine\Window</Filter>
    </ClCompile>
    <ClCompile Include="..\..\src\screen.cpp">
      <Filter>Source Files\Backend\Graphics</Filter>
    </ClCompile>
    <ClCompile Include="..\..\src\weather.cpp">
      <Filter>Source Files\Backend\Graphics</Filter>
    </ClCompile>
    <ClCompile Include="..\..\src\sprite_battler.cpp">
      <Filter>Source Files\Engine\Sprite</Filter>
    </ClCompile>
    <ClCompile Include="..\..\src\spriteset_battle.cpp">
      <Filter>Source Files\Engine\Sprite</Filter>
    </ClCompile>
    <ClCompile Include="..\..\src\scene_battle_rpg2k.cpp">
      <Filter>Source Files\Engine\Scene</Filter>
    </ClCompile>
    <ClCompile Include="..\..\src\scene_battle_rpg2k3.cpp">
      <Filter>Source Files\Engine\Scene</Filter>
    </ClCompile>
    <ClCompile Include="..\..\src\game_enemyparty.cpp">
      <Filter>Source Files\Engine\Game</Filter>
    </ClCompile>
    <ClCompile Include="..\..\src\game_party_base.cpp">
      <Filter>Source Files\Engine\Game</Filter>
    </ClCompile>
    <ClCompile Include="..\..\src\window_battlemessage.cpp">
      <Filter>Source Files\Engine\Window</Filter>
    </ClCompile>
    <ClCompile Include="..\..\src\game_battlealgorithm.cpp">
      <Filter>Source Files\Engine\Game</Filter>
    </ClCompile>
    <ClCompile Include="..\..\src\battle_animation.cpp">
      <Filter>Source Files\Backend\Graphics</Filter>
    </ClCompile>
    <ClCompile Include="..\..\src\sprite_timer.cpp">
      <Filter>Source Files\Engine\Sprite</Filter>
    </ClCompile>
    <ClCompile Include="..\..\src\sprite_airshipshadow.cpp">
      <Filter>Source Files\Engine\Sprite</Filter>
    </ClCompile>
    <ClCompile Include="..\..\src\async_handler.cpp">
      <Filter>Source Files\Engine</Filter>
    </ClCompile>
    <ClCompile Include="..\..\src\shinonome_gothic.cpp">
      <Filter>Source Files\Shinonome</Filter>
    </ClCompile>
    <ClCompile Include="..\..\src\shinonome_mincho.cpp">
      <Filter>Source Files\Shinonome</Filter>
    </ClCompile>
    <ClCompile Include="..\..\src\shinonome_wqy.cpp">
      <Filter>Source Files\Shinonome</Filter>
    </ClCompile>
    <ClCompile Include="..\..\src\scene_gamebrowser.cpp">
      <Filter>Source Files\Engine\Scene</Filter>
    </ClCompile>
    <ClCompile Include="..\..\src\window_gamelist.cpp">
      <Filter>Source Files\Engine\Window</Filter>
    </ClCompile>
    <ClCompile Include="..\..\src\window_about.cpp">
      <Filter>Source Files\Engine\Window</Filter>
    </ClCompile>
    <ClCompile Include="..\..\src\frame.cpp">
      <Filter>Source Files\Backend\Graphics</Filter>
    </ClCompile>
    <ClCompile Include="..\..\src\game_switches.cpp">
      <Filter>Source Files\Engine\Game</Filter>
    </ClCompile>
    <ClCompile Include="..\..\src\game_variables.cpp">
      <Filter>Source Files\Engine\Game</Filter>
    </ClCompile>
    <ClCompile Include="..\..\src\message_overlay.cpp">
      <Filter>Source Files\Backend\Graphics</Filter>
    </ClCompile>
    <ClCompile Include="..\..\src\rtp_table.cpp">
      <Filter>Source Files\Tools</Filter>
    </ClCompile>
    <ClCompile Include="..\..\src\audio_decoder.cpp">
      <Filter>Source Files\Backend\Audio</Filter>
    </ClCompile>
    <ClCompile Include="..\..\src\decoder_fmmidi.cpp">
      <Filter>Source Files\Backend\Audio</Filter>
    </ClCompile>
    <ClCompile Include="..\..\src\decoder_mpg123.cpp">
      <Filter>Source Files\Backend\Audio</Filter>
    </ClCompile>
    <ClCompile Include="..\..\src\audio_resampler.cpp">
      <Filter>Source Files\Backend\Audio</Filter>
    </ClCompile>
    <ClCompile Include="..\..\src\decoder_libsndfile.cpp">
      <Filter>Source Files\Backend\Audio</Filter>
    </ClCompile>
    <ClCompile Include="..\..\src\decoder_oggvorbis.cpp">
      <Filter>Source Files\Backend\Audio</Filter>
    </ClCompile>
    <ClCompile Include="..\..\src\decoder_wav.cpp">
      <Filter>Source Files\Backend\Audio</Filter>
    </ClCompile>
    <ClCompile Include="..\..\src\fps_overlay.cpp">
      <Filter>Source Files\Backend\Graphics</Filter>
    </ClCompile>
  </ItemGroup>
  <ItemGroup>
    <ClInclude Include="..\..\src\audio.h">
      <Filter>Source Files\Backend\Audio</Filter>
    </ClInclude>
    <ClInclude Include="..\..\src\audio_al.h">
      <Filter>Source Files\Backend\Audio</Filter>
    </ClInclude>
    <ClInclude Include="..\..\src\audio_generic.h">
      <Filter>Source Files\Backend\Audio</Filter>
    </ClInclude>
    <ClInclude Include="..\..\src\audio_sdl_mixer.h">
      <Filter>Source Files\Backend\Audio</Filter>
    </ClInclude>
    <ClInclude Include="..\..\src\audio_sdl.h">
      <Filter>Source Files\Backend\Audio</Filter>
    </ClInclude>
    <ClInclude Include="..\..\src\audio_secache.h">
      <Filter>Source Files\Backend\Audio</Filter>
    </ClInclude>
    <ClInclude Include="..\..\src\midiprogram.h">
      <Filter>Source Files\Backend\Audio</Filter>
    </ClInclude>
    <ClInclude Include="..\..\src\midisequencer.h">
      <Filter>Source Files\Backend\Audio</Filter>
    </ClInclude>
    <ClInclude Include="..\..\src\midisynth.h">
      <Filter>Source Files\Backend\Audio</Filter>
    </ClInclude>
    <ClInclude Include="..\..\src\background.h">
      <Filter>Source Files\Backend\Graphics</Filter>
    </ClInclude>
    <ClInclude Include="..\..\src\bitmap.h">
      <Filter>Source Files\Backend\Graphics</Filter>
    </ClInclude>
    <ClInclude Include="..\..\src\color.h">
      <Filter>Source Files\Backend\Graphics</Filter>
    </ClInclude>
    <ClInclude Include="..\..\src\drawable.h">
      <Filter>Source Files\Backend\Graphics</Filter>
    </ClInclude>
    <ClInclude Include="..\..\src\exfont.h">
      <Filter>Source Files\Backend\Graphics</Filter>
    </ClInclude>
    <ClInclude Include="..\..\src\font.h">
      <Filter>Source Files\Backend\Graphics</Filter>
    </ClInclude>
    <ClInclude Include="..\..\src\graphics.h">
      <Filter>Source Files\Backend\Graphics</Filter>
    </ClInclude>
    <ClInclude Include="..\..\src\hslrgb.h">
      <Filter>Source Files\Backend\Graphics</Filter>
    </ClInclude>
    <ClInclude Include="..\..\src\image_bmp.h">
      <Filter>Source Files\Backend\Graphics</Filter>
    </ClInclude>
    <ClInclude Include="..\..\src\image_png.h">
      <Filter>Source Files\Backend\Graphics</Filter>
    </ClInclude>
    <ClInclude Include="..\..\src\image_xyz.h">
      <Filter>Source Files\Backend\Graphics</Filter>
    </ClInclude>
    <ClInclude Include="..\..\src\logo.h">
      <Filter>Source Files\Backend\Graphics</Filter>
    </ClInclude>
    <ClInclude Include="..\..\src\pixel_format.h">
      <Filter>Source Files\Backend\Graphics</Filter>
    </ClInclude>
    <ClInclude Include="..\..\src\sprite.h">
      <Filter>Source Files\Backend\Graphics</Filter>
    </ClInclude>
    <ClInclude Include="..\..\src\plane.h">
      <Filter>Source Files\Backend\Graphics</Filter>
    </ClInclude>
    <ClInclude Include="..\..\src\rect.h">
      <Filter>Source Files\Backend\Graphics</Filter>
    </ClInclude>
    <ClInclude Include="..\..\src\text.h">
      <Filter>Source Files\Backend\Graphics</Filter>
    </ClInclude>
    <ClInclude Include="..\..\src\tilemap.h">
      <Filter>Source Files\Backend\Graphics</Filter>
    </ClInclude>
    <ClInclude Include="..\..\src\tilemap_layer.h">
      <Filter>Source Files\Backend\Graphics</Filter>
    </ClInclude>
    <ClInclude Include="..\..\src\tone.h">
      <Filter>Source Files\Backend\Graphics</Filter>
    </ClInclude>
    <ClInclude Include="..\..\src\window.h">
      <Filter>Source Files\Backend\Graphics</Filter>
    </ClInclude>
    <ClInclude Include="..\..\src\icon.h">
      <Filter>Source Files\Backend\Graphics</Filter>
    </ClInclude>
    <ClInclude Include="..\..\src\input.h">
      <Filter>Source Files\Backend\Input</Filter>
    </ClInclude>
    <ClInclude Include="..\..\src\input_buttons.h">
      <Filter>Source Files\Backend\Input</Filter>
    </ClInclude>
    <ClInclude Include="..\..\src\input_source.h">
      <Filter>Source Files\Backend\Input</Filter>
    </ClInclude>
    <ClInclude Include="..\..\src\keys.h">
      <Filter>Source Files\Backend\Input</Filter>
    </ClInclude>
    <ClInclude Include="..\..\src\baseui.h">
      <Filter>Source Files\Backend\UI</Filter>
    </ClInclude>
    <ClInclude Include="..\..\src\sdl_ui.h">
      <Filter>Source Files\Backend\UI</Filter>
    </ClInclude>
    <ClInclude Include="..\..\src\game_variables.h">
      <Filter>Source Files\Engine\Game</Filter>
    </ClInclude>
    <ClInclude Include="..\..\src\game_vehicle.h">
      <Filter>Source Files\Engine\Game</Filter>
    </ClInclude>
    <ClInclude Include="..\..\src\game_actor.h">
      <Filter>Source Files\Engine\Game</Filter>
    </ClInclude>
    <ClInclude Include="..\..\src\game_actors.h">
      <Filter>Source Files\Engine\Game</Filter>
    </ClInclude>
    <ClInclude Include="..\..\src\game_battle.h">
      <Filter>Source Files\Engine\Game</Filter>
    </ClInclude>
    <ClInclude Include="..\..\src\game_battler.h">
      <Filter>Source Files\Engine\Game</Filter>
    </ClInclude>
    <ClInclude Include="..\..\src\game_character.h">
      <Filter>Source Files\Engine\Game</Filter>
    </ClInclude>
    <ClInclude Include="..\..\src\game_commonevent.h">
      <Filter>Source Files\Engine\Game</Filter>
    </ClInclude>
    <ClInclude Include="..\..\src\game_enemy.h">
      <Filter>Source Files\Engine\Game</Filter>
    </ClInclude>
    <ClInclude Include="..\..\src\game_event.h">
      <Filter>Source Files\Engine\Game</Filter>
    </ClInclude>
    <ClInclude Include="..\..\src\game_interpreter.h">
      <Filter>Source Files\Engine\Game</Filter>
    </ClInclude>
    <ClInclude Include="..\..\src\game_interpreter_battle.h">
      <Filter>Source Files\Engine\Game</Filter>
    </ClInclude>
    <ClInclude Include="..\..\src\game_interpreter_map.h">
      <Filter>Source Files\Engine\Game</Filter>
    </ClInclude>
    <ClInclude Include="..\..\src\game_map.h">
      <Filter>Source Files\Engine\Game</Filter>
    </ClInclude>
    <ClInclude Include="..\..\src\game_message.h">
      <Filter>Source Files\Engine\Game</Filter>
    </ClInclude>
    <ClInclude Include="..\..\src\game_party.h">
      <Filter>Source Files\Engine\Game</Filter>
    </ClInclude>
    <ClInclude Include="..\..\src\game_picture.h">
      <Filter>Source Files\Engine\Game</Filter>
    </ClInclude>
    <ClInclude Include="..\..\src\game_player.h">
      <Filter>Source Files\Engine\Game</Filter>
    </ClInclude>
    <ClInclude Include="..\..\src\game_screen.h">
      <Filter>Source Files\Engine\Game</Filter>
    </ClInclude>
    <ClInclude Include="..\..\src\game_switches.h">
      <Filter>Source Files\Engine\Game</Filter>
    </ClInclude>
    <ClInclude Include="..\..\src\game_system.h">
      <Filter>Source Files\Engine\Game</Filter>
    </ClInclude>
    <ClInclude Include="..\..\src\game_targets.h">
      <Filter>Source Files\Engine\Game</Filter>
    </ClInclude>
    <ClInclude Include="..\..\src\game_temp.h">
      <Filter>Source Files\Engine\Game</Filter>
    </ClInclude>
    <ClInclude Include="..\..\src\scene_title.h">
      <Filter>Source Files\Engine\Scene</Filter>
    </ClInclude>
    <ClInclude Include="..\..\src\scene.h">
      <Filter>Source Files\Engine\Scene</Filter>
    </ClInclude>
    <ClInclude Include="..\..\src\scene_actortarget.h">
      <Filter>Source Files\Engine\Scene</Filter>
    </ClInclude>
    <ClInclude Include="..\..\src\scene_battle.h">
      <Filter>Source Files\Engine\Scene</Filter>
    </ClInclude>
    <ClInclude Include="..\..\src\scene_end.h">
      <Filter>Source Files\Engine\Scene</Filter>
    </ClInclude>
    <ClInclude Include="..\..\src\scene_equip.h">
      <Filter>Source Files\Engine\Scene</Filter>
    </ClInclude>
    <ClInclude Include="..\..\src\scene_file.h">
      <Filter>Source Files\Engine\Scene</Filter>
    </ClInclude>
    <ClInclude Include="..\..\src\scene_gameover.h">
      <Filter>Source Files\Engine\Scene</Filter>
    </ClInclude>
    <ClInclude Include="..\..\src\scene_item.h">
      <Filter>Source Files\Engine\Scene</Filter>
    </ClInclude>
    <ClInclude Include="..\..\src\scene_load.h">
      <Filter>Source Files\Engine\Scene</Filter>
    </ClInclude>
    <ClInclude Include="..\..\src\scene_logo.h">
      <Filter>Source Files\Engine\Scene</Filter>
    </ClInclude>
    <ClInclude Include="..\..\src\scene_map.h">
      <Filter>Source Files\Engine\Scene</Filter>
    </ClInclude>
    <ClInclude Include="..\..\src\scene_menu.h">
      <Filter>Source Files\Engine\Scene</Filter>
    </ClInclude>
    <ClInclude Include="..\..\src\scene_name.h">
      <Filter>Source Files\Engine\Scene</Filter>
    </ClInclude>
    <ClInclude Include="..\..\src\scene_order.h">
      <Filter>Source Files\Engine\Scene</Filter>
    </ClInclude>
    <ClInclude Include="..\..\src\scene_save.h">
      <Filter>Source Files\Engine\Scene</Filter>
    </ClInclude>
    <ClInclude Include="..\..\src\scene_shop.h">
      <Filter>Source Files\Engine\Scene</Filter>
    </ClInclude>
    <ClInclude Include="..\..\src\scene_skill.h">
      <Filter>Source Files\Engine\Scene</Filter>
    </ClInclude>
    <ClInclude Include="..\..\src\scene_status.h">
      <Filter>Source Files\Engine\Scene</Filter>
    </ClInclude>
    <ClInclude Include="..\..\src\scene_teleport.h">
      <Filter>Source Files\Engine\Scene</Filter>
    </ClInclude>
    <ClInclude Include="..\..\src\sprite_character.h">
      <Filter>Source Files\Engine\Sprite</Filter>
    </ClInclude>
    <ClInclude Include="..\..\src\spriteset_map.h">
      <Filter>Source Files\Engine\Sprite</Filter>
    </ClInclude>
    <ClInclude Include="..\..\src\window_targetstatus.h">
      <Filter>Source Files\Engine\Window</Filter>
    </ClInclude>
    <ClInclude Include="..\..\src\window_actorinfo.h">
      <Filter>Source Files\Engine\Window</Filter>
    </ClInclude>
    <ClInclude Include="..\..\src\window_actorstatus.h">
      <Filter>Source Files\Engine\Window</Filter>
    </ClInclude>
    <ClInclude Include="..\..\src\window_actortarget.h">
      <Filter>Source Files\Engine\Window</Filter>
    </ClInclude>
    <ClInclude Include="..\..\src\window_base.h">
      <Filter>Source Files\Engine\Window</Filter>
    </ClInclude>
    <ClInclude Include="..\..\src\window_battlecommand.h">
      <Filter>Source Files\Engine\Window</Filter>
    </ClInclude>
    <ClInclude Include="..\..\src\window_battleoption.h">
      <Filter>Source Files\Engine\Window</Filter>
    </ClInclude>
    <ClInclude Include="..\..\src\window_battlestatus.h">
      <Filter>Source Files\Engine\Window</Filter>
    </ClInclude>
    <ClInclude Include="..\..\src\window_command.h">
      <Filter>Source Files\Engine\Window</Filter>
    </ClInclude>
    <ClInclude Include="..\..\src\window_equip.h">
      <Filter>Source Files\Engine\Window</Filter>
    </ClInclude>
    <ClInclude Include="..\..\src\window_equipitem.h">
      <Filter>Source Files\Engine\Window</Filter>
    </ClInclude>
    <ClInclude Include="..\..\src\window_equipstatus.h">
      <Filter>Source Files\Engine\Window</Filter>
    </ClInclude>
    <ClInclude Include="..\..\src\window_face.h">
      <Filter>Source Files\Engine\Window</Filter>
    </ClInclude>
    <ClInclude Include="..\..\src\window_gold.h">
      <Filter>Source Files\Engine\Window</Filter>
    </ClInclude>
    <ClInclude Include="..\..\src\window_help.h">
      <Filter>Source Files\Engine\Window</Filter>
    </ClInclude>
    <ClInclude Include="..\..\src\window_item.h">
      <Filter>Source Files\Engine\Window</Filter>
    </ClInclude>
    <ClInclude Include="..\..\src\window_keyboard.h">
      <Filter>Source Files\Engine\Window</Filter>
    </ClInclude>
    <ClInclude Include="..\..\src\window_menustatus.h">
      <Filter>Source Files\Engine\Window</Filter>
    </ClInclude>
    <ClInclude Include="..\..\src\window_message.h">
      <Filter>Source Files\Engine\Window</Filter>
    </ClInclude>
    <ClInclude Include="..\..\src\window_name.h">
      <Filter>Source Files\Engine\Window</Filter>
    </ClInclude>
    <ClInclude Include="..\..\src\window_numberinput.h">
      <Filter>Source Files\Engine\Window</Filter>
    </ClInclude>
    <ClInclude Include="..\..\src\window_savefile.h">
      <Filter>Source Files\Engine\Window</Filter>
    </ClInclude>
    <ClInclude Include="..\..\src\window_selectable.h">
      <Filter>Source Files\Engine\Window</Filter>
    </ClInclude>
    <ClInclude Include="..\..\src\window_shop.h">
      <Filter>Source Files\Engine\Window</Filter>
    </ClInclude>
    <ClInclude Include="..\..\src\window_shopbuy.h">
      <Filter>Source Files\Engine\Window</Filter>
    </ClInclude>
    <ClInclude Include="..\..\src\window_shopnumber.h">
      <Filter>Source Files\Engine\Window</Filter>
    </ClInclude>
    <ClInclude Include="..\..\src\window_shopparty.h">
      <Filter>Source Files\Engine\Window</Filter>
    </ClInclude>
    <ClInclude Include="..\..\src\window_shopsell.h">
      <Filter>Source Files\Engine\Window</Filter>
    </ClInclude>
    <ClInclude Include="..\..\src\window_shopstatus.h">
      <Filter>Source Files\Engine\Window</Filter>
    </ClInclude>
    <ClInclude Include="..\..\src\window_skill.h">
      <Filter>Source Files\Engine\Window</Filter>
    </ClInclude>
    <ClInclude Include="..\..\src\window_skillstatus.h">
      <Filter>Source Files\Engine\Window</Filter>
    </ClInclude>
    <ClInclude Include="..\..\src\window_teleport.h">
      <Filter>Source Files\Engine\Window</Filter>
    </ClInclude>
    <ClInclude Include="..\..\src\cache.h">
      <Filter>Source Files\Engine</Filter>
    </ClInclude>
    <ClInclude Include="..\..\src\filefinder.h">
      <Filter>Source Files\Tools\Filefinder</Filter>
    </ClInclude>
    <ClInclude Include="..\..\src\dirent_win.h">
      <Filter>Source Files\Tools\Filefinder</Filter>
    </ClInclude>
    <ClInclude Include="..\..\src\util_win.h">
      <Filter>Source Files\Tools</Filter>
    </ClInclude>
    <ClInclude Include="..\..\src\output.h">
      <Filter>Source Files\Tools</Filter>
    </ClInclude>
    <ClInclude Include="..\..\src\util_macro.h">
      <Filter>Source Files\Tools</Filter>
    </ClInclude>
    <ClInclude Include="..\..\src\utils.h">
      <Filter>Source Files\Tools</Filter>
    </ClInclude>
    <ClInclude Include="..\..\src\version.h">
      <Filter>Source Files\Tools</Filter>
    </ClInclude>
    <ClInclude Include="..\..\src\system.h">
      <Filter>Source Files\Settings</Filter>
    </ClInclude>
    <ClInclude Include="..\..\src\options.h">
      <Filter>Source Files\Settings</Filter>
    </ClInclude>
    <ClInclude Include="..\..\src\player.h">
      <Filter>Source Files\Engine</Filter>
    </ClInclude>
    <ClInclude Include="..\..\src\map_data.h">
      <Filter>Source Files\Backend\Graphics</Filter>
    </ClInclude>
    <ClInclude Include="..\..\src\main_data.h">
      <Filter>Source Files</Filter>
    </ClInclude>
    <ClInclude Include="..\..\src\transform.h">
      <Filter>Source Files\Backend\Graphics</Filter>
    </ClInclude>
    <ClInclude Include="..\..\src\memory_management.h">
      <Filter>Source Files\Settings</Filter>
    </ClInclude>
    <ClInclude Include="..\..\src\message_overlay.h">
      <Filter>Source Files\Backend\Graphics</Filter>
    </ClInclude>
    <ClInclude Include="..\..\src\registry.h">
      <Filter>Source Files\Tools</Filter>
    </ClInclude>
    <ClInclude Include="..\..\src\scene_debug.h">
      <Filter>Source Files\Engine\Scene</Filter>
    </ClInclude>
    <ClInclude Include="..\..\src\window_varlist.h">
      <Filter>Source Files\Engine\Window</Filter>
    </ClInclude>
    <ClInclude Include="..\..\src\screen.h">
      <Filter>Source Files\Backend\Graphics</Filter>
    </ClInclude>
    <ClInclude Include="..\..\src\weather.h">
      <Filter>Source Files\Backend\Graphics</Filter>
    </ClInclude>
    <ClInclude Include="..\..\src\sprite_battler.h">
      <Filter>Source Files\Engine\Sprite</Filter>
    </ClInclude>
    <ClInclude Include="..\..\src\spriteset_battle.h">
      <Filter>Source Files\Engine\Sprite</Filter>
    </ClInclude>
    <ClInclude Include="..\..\src\scene_battle_rpg2k.h">
      <Filter>Source Files\Engine\Scene</Filter>
    </ClInclude>
    <ClInclude Include="..\..\src\scene_battle_rpg2k3.h">
      <Filter>Source Files\Engine\Scene</Filter>
    </ClInclude>
    <ClInclude Include="..\..\src\game_enemyparty.h">
      <Filter>Source Files\Engine\Game</Filter>
    </ClInclude>
    <ClInclude Include="..\..\src\game_party_base.h">
      <Filter>Source Files\Engine\Game</Filter>
    </ClInclude>
    <ClInclude Include="..\..\src\window_battlemessage.h">
      <Filter>Source Files\Engine\Window</Filter>
    </ClInclude>
    <ClInclude Include="..\..\src\game_battlealgorithm.h">
      <Filter>Source Files\Engine\Game</Filter>
    </ClInclude>
    <ClInclude Include="..\..\src\battle_animation.h">
      <Filter>Source Files\Backend\Graphics</Filter>
    </ClInclude>
    <ClInclude Include="..\..\src\bitmap_hslrgb.h">
      <Filter>Source Files\Backend\Graphics</Filter>
    </ClInclude>
    <ClInclude Include="..\..\src\sprite_timer.h">
      <Filter>Source Files\Engine\Sprite</Filter>
    </ClInclude>
    <ClInclude Include="..\..\src\sprite_airshipshadow.h">
      <Filter>Source Files\Engine\Sprite</Filter>
    </ClInclude>
    <ClInclude Include="..\..\src\async_handler.h">
      <Filter>Source Files\Engine</Filter>
    </ClInclude>
    <ClInclude Include="..\..\src\scene_gamebrowser.h">
      <Filter>Source Files\Engine\Scene</Filter>
    </ClInclude>
    <ClInclude Include="..\..\src\window_gamelist.h">
      <Filter>Source Files\Engine\Window</Filter>
    </ClInclude>
    <ClInclude Include="..\..\src\default_graphics.h">
      <Filter>Source Files\Backend\Graphics</Filter>
    </ClInclude>
    <ClInclude Include="..\..\src\window_about.h">
      <Filter>Source Files\Engine\Window</Filter>
    </ClInclude>
    <ClInclude Include="..\..\src\frame.h">
      <Filter>Source Files\Backend\Graphics</Filter>
    </ClInclude>
    <ClInclude Include="..\..\src\shinonome.h">
      <Filter>Source Files\Shinonome</Filter>
    </ClInclude>
    <ClInclude Include="..\..\src\picojson.h">
      <Filter>Source Files\Tools</Filter>
    </ClInclude>
    <ClInclude Include="..\..\src\rtp_table.h">
      <Filter>Source Files\Tools</Filter>
    </ClInclude>
    <ClInclude Include="..\..\src\audio_decoder.h">
      <Filter>Source Files\Backend\Audio</Filter>
    </ClInclude>
    <ClInclude Include="..\..\src\decoder_fmmidi.h">
      <Filter>Source Files\Backend\Audio</Filter>
    </ClInclude>
    <ClInclude Include="..\..\src\decoder_mpg123.h">
      <Filter>Source Files\Backend\Audio</Filter>
    </ClInclude>
    <ClInclude Include="..\..\src\decoder_wav.h">
      <Filter>Source Files\Backend\Audio</Filter>
    </ClInclude>
    <ClInclude Include="..\..\src\audio_resampler.h">
      <Filter>Source Files\Backend\Audio</Filter>
    </ClInclude>
    <ClInclude Include="..\..\src\decoder_libsndfile.h">
      <Filter>Source Files\Backend\Audio</Filter>
    </ClInclude>
    <ClInclude Include="..\..\src\decoder_oggvorbis.h">
      <Filter>Source Files\Backend\Audio</Filter>
    </ClInclude>
    <ClInclude Include="..\..\src\fps_overlay.h">
      <Filter>Source Files\Backend\Graphics</Filter>
    </ClInclude>
  </ItemGroup>
</Project>
