
Microsoft Visual Studio Solution File, Format Version 11.00
# Visual Studio 2010
Project("{8BC9CEB8-8B4A-11D0-8D11-00A0C91BC942}") = "EasyRPG", "EasyRPG.vcxproj", "{9B294371-4E85-42E0-95C8-39DF9573D69D}"
	ProjectSection(ProjectDependencies) = postProject
		{D892967A-6B8E-4AC5-9D38-785D748796D0} = {D892967A-6B8E-4AC5-9D38-785D748796D0}
		{8C64E9D9-2622-4404-B1AB-62848DEC4ECA} = {8C64E9D9-2622-4404-B1AB-62848DEC4ECA}
	EndProjectSection
EndProject
Project("{8BC9CEB8-8B4A-11D0-8D11-00A0C91BC942}") = "readers", "..\..\lib\readers\builds\vs2010\readers.vcxproj", "{D892967A-6B8E-4AC5-9D38-785D748796D0}"
EndProject
Project("{8BC9CEB8-8B4A-11D0-8D11-00A0C91BC942}") = "shinonome", "..\..\lib\shinonome\builds\vs2010\shinonome.vcxproj", "{8C64E9D9-2622-4404-B1AB-62848DEC4ECA}"
EndProject
Global
	GlobalSection(SolutionConfigurationPlatforms) = preSolution
		Debug SDL1.2|Win32 = Debug SDL1.2|Win32
		Debug SDL1.2|x64 = Debug SDL1.2|x64
		Debug|Win32 = Debug|Win32
		Debug|x64 = Debug|x64
		Release SDL1.2|Win32 = Release SDL1.2|Win32
		Release SDL1.2|x64 = Release SDL1.2|x64
		Release|Win32 = Release|Win32
		Release|x64 = Release|x64
	EndGlobalSection
	GlobalSection(ProjectConfigurationPlatforms) = postSolution
		{9B294371-4E85-42E0-95C8-39DF9573D69D}.Debug SDL1.2|Win32.ActiveCfg = Debug SDL1.2|Win32
		{9B294371-4E85-42E0-95C8-39DF9573D69D}.Debug SDL1.2|Win32.Build.0 = Debug SDL1.2|Win32
		{9B294371-4E85-42E0-95C8-39DF9573D69D}.Debug SDL1.2|x64.ActiveCfg = Debug SDL1.2|x64
		{9B294371-4E85-42E0-95C8-39DF9573D69D}.Debug SDL1.2|x64.Build.0 = Debug SDL1.2|x64
		{9B294371-4E85-42E0-95C8-39DF9573D69D}.Debug|Win32.ActiveCfg = Debug|Win32
		{9B294371-4E85-42E0-95C8-39DF9573D69D}.Debug|Win32.Build.0 = Debug|Win32
		{9B294371-4E85-42E0-95C8-39DF9573D69D}.Debug|x64.ActiveCfg = Debug|x64
		{9B294371-4E85-42E0-95C8-39DF9573D69D}.Debug|x64.Build.0 = Debug|x64
		{9B294371-4E85-42E0-95C8-39DF9573D69D}.Release SDL1.2|Win32.ActiveCfg = Release SDL1.2|Win32
		{9B294371-4E85-42E0-95C8-39DF9573D69D}.Release SDL1.2|Win32.Build.0 = Release SDL1.2|Win32
		{9B294371-4E85-42E0-95C8-39DF9573D69D}.Release SDL1.2|x64.ActiveCfg = Release SDL1.2|x64
		{9B294371-4E85-42E0-95C8-39DF9573D69D}.Release SDL1.2|x64.Build.0 = Release SDL1.2|x64
		{9B294371-4E85-42E0-95C8-39DF9573D69D}.Release|Win32.ActiveCfg = Release|Win32
		{9B294371-4E85-42E0-95C8-39DF9573D69D}.Release|Win32.Build.0 = Release|Win32
		{9B294371-4E85-42E0-95C8-39DF9573D69D}.Release|x64.ActiveCfg = Release|x64
		{9B294371-4E85-42E0-95C8-39DF9573D69D}.Release|x64.Build.0 = Release|x64
		{D892967A-6B8E-4AC5-9D38-785D748796D0}.Debug SDL1.2|Win32.ActiveCfg = Debug_XML|Win32
		{D892967A-6B8E-4AC5-9D38-785D748796D0}.Debug SDL1.2|Win32.Build.0 = Debug_XML|Win32
		{D892967A-6B8E-4AC5-9D38-785D748796D0}.Debug SDL1.2|x64.ActiveCfg = Debug|x64
		{D892967A-6B8E-4AC5-9D38-785D748796D0}.Debug SDL1.2|x64.Build.0 = Debug|x64
		{D892967A-6B8E-4AC5-9D38-785D748796D0}.Debug|Win32.ActiveCfg = Debug_XML|Win32
		{D892967A-6B8E-4AC5-9D38-785D748796D0}.Debug|Win32.Build.0 = Debug_XML|Win32
		{D892967A-6B8E-4AC5-9D38-785D748796D0}.Debug|x64.ActiveCfg = Debug_XML|x64
		{D892967A-6B8E-4AC5-9D38-785D748796D0}.Debug|x64.Build.0 = Debug_XML|x64
		{D892967A-6B8E-4AC5-9D38-785D748796D0}.Release SDL1.2|Win32.ActiveCfg = Release_XML|Win32
		{D892967A-6B8E-4AC5-9D38-785D748796D0}.Release SDL1.2|Win32.Build.0 = Release_XML|Win32
		{D892967A-6B8E-4AC5-9D38-785D748796D0}.Release SDL1.2|x64.ActiveCfg = Release|x64
		{D892967A-6B8E-4AC5-9D38-785D748796D0}.Release SDL1.2|x64.Build.0 = Release|x64
		{D892967A-6B8E-4AC5-9D38-785D748796D0}.Release|Win32.ActiveCfg = Release_XML|Win32
		{D892967A-6B8E-4AC5-9D38-785D748796D0}.Release|Win32.Build.0 = Release_XML|Win32
		{D892967A-6B8E-4AC5-9D38-785D748796D0}.Release|x64.ActiveCfg = Release_XML|x64
		{D892967A-6B8E-4AC5-9D38-785D748796D0}.Release|x64.Build.0 = Release_XML|x64
		{8C64E9D9-2622-4404-B1AB-62848DEC4ECA}.Debug SDL1.2|Win32.ActiveCfg = Debug|Win32
		{8C64E9D9-2622-4404-B1AB-62848DEC4ECA}.Debug SDL1.2|Win32.Build.0 = Debug|Win32
		{8C64E9D9-2622-4404-B1AB-62848DEC4ECA}.Debug SDL1.2|x64.ActiveCfg = Debug|x64
		{8C64E9D9-2622-4404-B1AB-62848DEC4ECA}.Debug SDL1.2|x64.Build.0 = Debug|x64
		{8C64E9D9-2622-4404-B1AB-62848DEC4ECA}.Debug|Win32.ActiveCfg = Debug|Win32
		{8C64E9D9-2622-4404-B1AB-62848DEC4ECA}.Debug|Win32.Build.0 = Debug|Win32
		{8C64E9D9-2622-4404-B1AB-62848DEC4ECA}.Debug|x64.ActiveCfg = Debug|x64
		{8C64E9D9-2622-4404-B1AB-62848DEC4ECA}.Debug|x64.Build.0 = Debug|x64
		{8C64E9D9-2622-4404-B1AB-62848DEC4ECA}.Release SDL1.2|Win32.ActiveCfg = Release|Win32
		{8C64E9D9-2622-4404-B1AB-62848DEC4ECA}.Release SDL1.2|Win32.Build.0 = Release|Win32
		{8C64E9D9-2622-4404-B1AB-62848DEC4ECA}.Release SDL1.2|x64.ActiveCfg = Release|x64
		{8C64E9D9-2622-4404-B1AB-62848DEC4ECA}.Release SDL1.2|x64.Build.0 = Release|x64
		{8C64E9D9-2622-4404-B1AB-62848DEC4ECA}.Release|Win32.ActiveCfg = Release|Win32
		{8C64E9D9-2622-4404-B1AB-62848DEC4ECA}.Release|Win32.Build.0 = Release|Win32
		{8C64E9D9-2622-4404-B1AB-62848DEC4ECA}.Release|x64.ActiveCfg = Release|x64
		{8C64E9D9-2622-4404-B1AB-62848DEC4ECA}.Release|x64.Build.0 = Release|x64
	EndGlobalSection
	GlobalSection(SolutionProperties) = preSolution
		HideSolutionNode = FALSE
	EndGlobalSection
EndGlobal
