<?xml version="1.0" encoding="UTF-8" standalone="yes" ?>
<CodeBlocks_project_file>
	<FileVersion major="1" minor="6" />
	<Project>
		<Option title="EasyRPG Player" />
		<Option pch_mode="2" />
		<Option compiler="gcc" />
		<Build>
			<Target title="Debug">
				<Option output="../easyrpg" prefix_auto="1" extension_auto="1" />
				<Option working_dir=".." />
				<Option object_output=".obj/Debug/" />
				<Option type="1" />
				<Option compiler="gcc" />
				<Compiler>
					<Add option="-Os" />
					<Add option="-g" />
				</Compiler>
			</Target>
			<Target title="Release">
				<Option output="../easyrpg" prefix_auto="1" extension_auto="1" />
				<Option working_dir=".." />
				<Option object_output=".obj/Release/" />
				<Option type="0" />
				<Option compiler="gcc" />
				<Compiler>
					<Add option="-O3" />
				</Compiler>
				<Linker>
					<Add option="-s" />
				</Linker>
			</Target>
		</Build>
		<Compiler>
			<Add option="-Os" />
			<Add option="-pedantic" />
			<Add option="-Wall" />
			<Add option="-ansi" />
			<Add option="`sdl-config --cflags`" />
			<Add option="-Wextra" />
			<Add option="-fno-exceptions" />
			<Add option="-fno-rtti" />
		</Compiler>
		<Linker>
			<Add option="`sdl-config --libs` -lz -lSDL_image -lSDL_mixer -lSDL_ttf -lSDL_gfx" />
			<Add option="-Os" />
		</Linker>
		<Unit filename="attributes/CActor.cpp" />
		<Unit filename="attributes/CActor.h" />
		<Unit filename="attributes/Enemy.cpp" />
		<Unit filename="attributes/Enemy.h" />
		<Unit filename="attributes/Player.cpp" />
		<Unit filename="attributes/Player.h" />
		<Unit filename="attributes/Player_Team.cpp" />
		<Unit filename="attributes/Player_Team.h" />
		<Unit filename="attributes/item.cpp" />
		<Unit filename="attributes/item.h" />
		<Unit filename="attributes/skill.cpp" />
		<Unit filename="attributes/skill.h" />
		<Unit filename="control/Batle_scene.cpp" />
		<Unit filename="control/Batle_scene.h" />
		<Unit filename="control/Event_management.cpp" />
		<Unit filename="control/Event_management.h" />
		<Unit filename="control/GameOver_scene.cpp" />
		<Unit filename="control/GameOver_scene.h" />
		<Unit filename="control/General_data.cpp" />
		<Unit filename="control/General_data.h" />
		<Unit filename="control/Map_scene.cpp" />
		<Unit filename="control/Map_scene.h" />
		<Unit filename="control/Move_management.cpp" />
		<Unit filename="control/Move_management.h" />
		<Unit filename="control/Title_scene.cpp" />
		<Unit filename="control/Title_scene.h" />
		<Unit filename="control/events/message.cpp" />
		<Unit filename="control/events/message.h" />
		<Unit filename="control/scene.cpp" />
		<Unit filename="control/scene.h" />
		<Unit filename="interface/Control/Equip_Menu_scene.cpp" />
		<Unit filename="interface/Control/Equip_Menu_scene.h" />
		<Unit filename="interface/Control/Item_use_scene.cpp" />
		<Unit filename="interface/Control/Item_use_scene.h" />
		<Unit filename="interface/Control/Main_Menu_scene.cpp" />
		<Unit filename="interface/Control/Main_Menu_scene.h" />
		<Unit filename="interface/Control/Objects_Menu_scene.cpp" />
		<Unit filename="interface/Control/Objects_Menu_scene.h" />
		<Unit filename="interface/Control/Save_Load_Menu_scene.cpp" />
		<Unit filename="interface/Control/Save_Load_Menu_scene.h" />
		<Unit filename="interface/Control/Skills_Menu_scene.cpp" />
		<Unit filename="interface/Control/Skills_Menu_scene.h" />
		<Unit filename="interface/Control/Stats_Menu_scene.cpp" />
		<Unit filename="interface/Control/Stats_Menu_scene.h" />
		<Unit filename="interface/Menu_Easy.cpp" />
		<Unit filename="interface/Menu_Easy.h" />
		<Unit filename="interface/Windows/Window_Base.cpp" />
		<Unit filename="interface/Windows/Window_Base.h" />
		<Unit filename="interface/Windows/Window_Name.h" />
		<Unit filename="interface/Windows/Window_Player_Select.cpp" />
		<Unit filename="interface/Windows/Window_Player_Select.h" />
		<Unit filename="interface/Windows/Window_Select.cpp" />
		<Unit filename="interface/Windows/Window_Select.h" />
		<Unit filename="main.cpp" />
		<Unit filename="readers/eventchunks.h" />
		<Unit filename="readers/iniparser.cpp" />
		<Unit filename="readers/iniparser.h" />
		<Unit filename="readers/ldb.cpp" />
		<Unit filename="readers/ldb.h" />
		<Unit filename="readers/ldbchunks.h" />
		<Unit filename="readers/ldbstr.cpp" />
		<Unit filename="readers/ldbstr.h" />
		<Unit filename="readers/lmt.cpp" />
		<Unit filename="readers/lmt.h" />
		<Unit filename="readers/map.cpp" />
		<Unit filename="readers/map.h" />
		<Unit filename="readers/mapchunks.h" />
		<Unit filename="readers/stevent.cpp" />
		<Unit filename="readers/stevent.h" />
		<Unit filename="readers/strmap.cpp" />
		<Unit filename="readers/strmap.h" />
		<Unit filename="sprites/Animacion.cpp" />
		<Unit filename="sprites/Animacion.h" />
		<Unit filename="sprites/Animation_Manager.cpp" />
		<Unit filename="sprites/Animation_Manager.h" />
		<Unit filename="sprites/Batler.cpp" />
		<Unit filename="sprites/Chara.cpp" />
		<Unit filename="sprites/Chara.h" />
		<Unit filename="sprites/Faceset.cpp" />
		<Unit filename="sprites/Faceset.h" />
		<Unit filename="sprites/Pre_Chipset.cpp" />
		<Unit filename="sprites/Pre_Chipset.h" />
		<Unit filename="sprites/Sistem.cpp" />
		<Unit filename="sprites/Sistem.h" />
		<Unit filename="sprites/chipset.cpp" />
		<Unit filename="sprites/chipset.h" />
		<Unit filename="sprites/map.h" />
		<Unit filename="sprites/sprite.cpp" />
		<Unit filename="sprites/sprite.h" />
		<Unit filename="tools/CDeltaTime.cpp" />
		<Unit filename="tools/CDeltaTime.h" />
		<Unit filename="tools/Sound_Manager.cpp" />
		<Unit filename="tools/Sound_Manager.h" />
		<Unit filename="tools/Timer.cpp" />
		<Unit filename="tools/Timer.h" />
		<Unit filename="tools/audio.cpp" />
		<Unit filename="tools/audio.h" />
		<Unit filename="tools/control.cpp" />
		<Unit filename="tools/control.h" />
		<Unit filename="tools/font.cpp" />
		<Unit filename="tools/font.h" />
		<Unit filename="tools/key.cpp" />
		<Unit filename="tools/key.h" />
		<Unit filename="tools/math-sll.h" />
		<Unit filename="tools/tools.cpp" />
		<Unit filename="tools/tools.h" />
		<Extensions>
			<code_completion />
			<envvars />
			<debugger />
			<lib_finder disable_auto="1" />
		</Extensions>
	</Project>
</CodeBlocks_project_file>
